
Microsoft Visual Studio Solution File, Format Version 12.00
# Visual Studio Version 16
VisualStudioVersion = 16.0.30611.23
MinimumVisualStudioVersion = 10.0.40219.1
Project("{9A19103F-16F7-4668-BE54-9A1E7A4F7556}") = "CareerCloud.Pocos", "CareerCloud.Pocos\CareerCloud.Pocos.csproj", "{E13AE0C5-125B-494D-9400-35BC44DD69E0}"
EndProject
Project("{9A19103F-16F7-4668-BE54-9A1E7A4F7556}") = "CareerCloudCore.UnitTests.Assignment1", "CareerCloudCore.UnitTests.Assignment1\CareerCloudCore.UnitTests.Assignment1\CareerCloudCore.UnitTests.Assignment1.csproj", "{A204CBDB-E6CF-41D9-82E9-D946D5CBCDE9}"
EndProject
Project("{9A19103F-16F7-4668-BE54-9A1E7A4F7556}") = "CareerCloud.DataAccessLayer", "CareerCloud.DataAccessLayer\CareerCloud.DataAccessLayer.csproj", "{1E514878-61D6-4F3E-9579-522FADB7A95F}"
EndProject
Project("{9A19103F-16F7-4668-BE54-9A1E7A4F7556}") = "CareerCloud.ADODataAccessLayer", "CareerCloud.ADODataAccessLayer\CareerCloud.ADODataAccessLayer.csproj", "{7630D6B3-2734-4CD4-A0D6-6A1B2A52FE3E}"
EndProject
Project("{9A19103F-16F7-4668-BE54-9A1E7A4F7556}") = "CareerCloudCore.UnitTests.Assignment2", "CareerCloudCore.UnitTests.Assignment2\CareerCloudCore.UnitTests.Assignment2.csproj", "{CFB75AEA-6A85-4BB3-B8BA-096D348993DD}"
EndProject
Project("{9A19103F-16F7-4668-BE54-9A1E7A4F7556}") = "CareerCloud.BusinessLogicLayer", "CareerCloud.BusinessLogicLayer\CareerCloud.BusinessLogicLayer.csproj", "{51D00619-3D3B-4C71-8B90-05C8EF92FE4F}"
EndProject
Project("{9A19103F-16F7-4668-BE54-9A1E7A4F7556}") = "CareerCloudCore.UnitTests.Assignment3", "CareerCloudCore.UnitTests.Assignment3\CareerCloudCore.UnitTests.Assignment3.csproj", "{16D32788-C1C9-4763-B256-EC0CC57F8C62}"
EndProject
Project("{9A19103F-16F7-4668-BE54-9A1E7A4F7556}") = "CareerCloudCore.UnitTests.Assignment4", "CareerCloudCore.UnitTests.Assignment4\CareerCloudCore.UnitTests.Assignment4.csproj", "{19DA2892-ED07-4C79-9154-55B3C7076EC6}"
EndProject
Project("{FAE04EC0-301F-11D3-BF4B-00C04F79EFBC}") = "CareerCloud.EntityFrameworkDataAccess", "CareerCloud.EntityFrameworkDataAccess\CareerCloud.EntityFrameworkDataAccess.csproj", "{B6647247-F03C-4C9D-B945-ED52D9148723}"
EndProject
Global
	GlobalSection(SolutionConfigurationPlatforms) = preSolution
		Debug|Any CPU = Debug|Any CPU
		Release|Any CPU = Release|Any CPU
	EndGlobalSection
	GlobalSection(ProjectConfigurationPlatforms) = postSolution
		{E13AE0C5-125B-494D-9400-35BC44DD69E0}.Debug|Any CPU.ActiveCfg = Debug|Any CPU
		{E13AE0C5-125B-494D-9400-35BC44DD69E0}.Debug|Any CPU.Build.0 = Debug|Any CPU
		{E13AE0C5-125B-494D-9400-35BC44DD69E0}.Release|Any CPU.ActiveCfg = Release|Any CPU
		{E13AE0C5-125B-494D-9400-35BC44DD69E0}.Release|Any CPU.Build.0 = Release|Any CPU
		{A204CBDB-E6CF-41D9-82E9-D946D5CBCDE9}.Debug|Any CPU.ActiveCfg = Debug|Any CPU
		{A204CBDB-E6CF-41D9-82E9-D946D5CBCDE9}.Debug|Any CPU.Build.0 = Debug|Any CPU
		{A204CBDB-E6CF-41D9-82E9-D946D5CBCDE9}.Release|Any CPU.ActiveCfg = Release|Any CPU
		{A204CBDB-E6CF-41D9-82E9-D946D5CBCDE9}.Release|Any CPU.Build.0 = Release|Any CPU
		{1E514878-61D6-4F3E-9579-522FADB7A95F}.Debug|Any CPU.ActiveCfg = Debug|Any CPU
		{1E514878-61D6-4F3E-9579-522FADB7A95F}.Debug|Any CPU.Build.0 = Debug|Any CPU
		{1E514878-61D6-4F3E-9579-522FADB7A95F}.Release|Any CPU.ActiveCfg = Release|Any CPU
		{1E514878-61D6-4F3E-9579-522FADB7A95F}.Release|Any CPU.Build.0 = Release|Any CPU
		{7630D6B3-2734-4CD4-A0D6-6A1B2A52FE3E}.Debug|Any CPU.ActiveCfg = Debug|Any CPU
		{7630D6B3-2734-4CD4-A0D6-6A1B2A52FE3E}.Debug|Any CPU.Build.0 = Debug|Any CPU
		{7630D6B3-2734-4CD4-A0D6-6A1B2A52FE3E}.Release|Any CPU.ActiveCfg = Release|Any CPU
		{7630D6B3-2734-4CD4-A0D6-6A1B2A52FE3E}.Release|Any CPU.Build.0 = Release|Any CPU
		{CFB75AEA-6A85-4BB3-B8BA-096D348993DD}.Debug|Any CPU.ActiveCfg = Debug|Any CPU
		{CFB75AEA-6A85-4BB3-B8BA-096D348993DD}.Debug|Any CPU.Build.0 = Debug|Any CPU
		{CFB75AEA-6A85-4BB3-B8BA-096D348993DD}.Release|Any CPU.ActiveCfg = Release|Any CPU
		{CFB75AEA-6A85-4BB3-B8BA-096D348993DD}.Release|Any CPU.Build.0 = Release|Any CPU
		{51D00619-3D3B-4C71-8B90-05C8EF92FE4F}.Debug|Any CPU.ActiveCfg = Debug|Any CPU
		{51D00619-3D3B-4C71-8B90-05C8EF92FE4F}.Debug|Any CPU.Build.0 = Debug|Any CPU
		{51D00619-3D3B-4C71-8B90-05C8EF92FE4F}.Release|Any CPU.ActiveCfg = Release|Any CPU
		{51D00619-3D3B-4C71-8B90-05C8EF92FE4F}.Release|Any CPU.Build.0 = Release|Any CPU
		{16D32788-C1C9-4763-B256-EC0CC57F8C62}.Debug|Any CPU.ActiveCfg = Debug|Any CPU
		{16D32788-C1C9-4763-B256-EC0CC57F8C62}.Debug|Any CPU.Build.0 = Debug|Any CPU
		{16D32788-C1C9-4763-B256-EC0CC57F8C62}.Release|Any CPU.ActiveCfg = Release|Any CPU
		{16D32788-C1C9-4763-B256-EC0CC57F8C62}.Release|Any CPU.Build.0 = Release|Any CPU
		{19DA2892-ED07-4C79-9154-55B3C7076EC6}.Debug|Any CPU.ActiveCfg = Debug|Any CPU
		{19DA2892-ED07-4C79-9154-55B3C7076EC6}.Debug|Any CPU.Build.0 = Debug|Any CPU
		{19DA2892-ED07-4C79-9154-55B3C7076EC6}.Release|Any CPU.ActiveCfg = Release|Any CPU
		{19DA2892-ED07-4C79-9154-55B3C7076EC6}.Release|Any CPU.Build.0 = Release|Any CPU
		{B6647247-F03C-4C9D-B945-ED52D9148723}.Debug|Any CPU.ActiveCfg = Debug|Any CPU
		{B6647247-F03C-4C9D-B945-ED52D9148723}.Debug|Any CPU.Build.0 = Debug|Any CPU
		{B6647247-F03C-4C9D-B945-ED52D9148723}.Release|Any CPU.ActiveCfg = Release|Any CPU
		{B6647247-F03C-4C9D-B945-ED52D9148723}.Release|Any CPU.Build.0 = Release|Any CPU
	EndGlobalSection
	GlobalSection(SolutionProperties) = preSolution
		HideSolutionNode = FALSE
	EndGlobalSection
	GlobalSection(ExtensibilityGlobals) = postSolution
		SolutionGuid = {6180246E-80A7-454C-90FB-C967A45B07FA}
	EndGlobalSection
EndGlobal
